# Hash-locked Python 3.12 build environment for scripts/reproducible_build.py.
# All artifacts are universal py3-none-any wheels. Regenerate and review every
# version and hash deliberately when the builder toolchain is upgraded.
build==1.4.2 \
    --hash=sha256:7a4d8651ea877cb2a89458b1b198f2e69f536c95e89129dbf5d448045d60db88
hatchling==1.32.0 \
    --hash=sha256:0e17c9c3b9aa7c625acc8d0f5b622f107d5049af9ecf5ada4de1aada5be7cdbc
packaging==26.0 \
    --hash=sha256:b36f1fef9334a5588b4166f8bcd26a14e521f2b55e6b9de3aaa80d3ff7a37529
pathspec==1.1.1 \
    --hash=sha256:a00ce642f577bf7f473932318056212bc4f8bfdf53128c78bbd5af0b9b20b189
pluggy==1.6.0 \
    --hash=sha256:e920276dd6813095e9377c0bc5566d94c932c33b27a3e3945d8389c374dd4746
pyproject-hooks==1.2.0 \
    --hash=sha256:9e5c6bfa8dcc30091c74b0cf803c81fdd29d94f01992a7707bc97babb1141913
tomlkit==0.15.1 \
    --hash=sha256:177a05aece5a8ca5266fd3c448abb47b8d352f09d477d3ca8332db4d89b24304
trove-classifiers==2026.6.1.19 \
    --hash=sha256:ab4c4ec93cc4a4e7815fa759906e05e6bb3f2fbd92ea0f897288c6a43efd15b3
